PODS:
  - Masonry (1.0.2)
  - ReactiveCocoa (2.5):
    - ReactiveCocoa/UI (= 2.5)
  - ReactiveCocoa/Core (2.5):
    - ReactiveCocoa/no-arc
  - ReactiveCocoa/no-arc (2.5)
  - ReactiveCocoa/UI (2.5):
    - ReactiveCocoa/Core
  - SDWebImage (3.8.2):
    - SDWebImage/Core (= 3.8.2)
  - SDWebImage/Core (3.8.2)
  - SGTUIKit (1.0.5):
    - Masonry
    - ReactiveCocoa
    - SDWebImage

DEPENDENCIES:
  - Masonry
  - ReactiveCocoa (~> 2.5)
  - SDWebImage
  - SGTUIKit (from `../SGTUIKit`)

EXTERNAL SOURCES:
  SGTUIKit:
    :path: ../SGTUIKit

SPEC CHECKSUMS:
  Masonry: 7c429b56da9d4ee0bbb3ed77a5ea710d6a5df39e
  ReactiveCocoa: e2db045570aa97c695e7aa97c2bcab222ae51f4a
  SDWebImage: 098e97e6176540799c27e804c96653ee0833d13c
  SGTUIKit: ca1d5c83357bf6df5636ea5e6bb0dbb71239774c

PODFILE CHECKSUM: 0b1e8a6612663971bdf022142f16dfe418916d83

COCOAPODS: 1.0.1
